// !$*UTF8*$!
{
	archiveVersion = 1;
	classes = {
	};
	objectVersion = 46;
	objects = {

/* Begin PBXBuildFile section */
		3CE688111C2915400088E31D /* DataHandler.swift in Sources */ = {isa = PBXBuildFile; fileRef = 3CE688101C2915400088E31D /* DataHandler.swift */; };
		D35AFBBC1C16C69F0014A7FE /* AppDelegate.swift in Sources */ = {isa = PBXBuildFile; fileRef = D35AFBBB1C16C69F0014A7FE /* AppDelegate.swift */; };
		D35AFBC11C16C69F0014A7FE /* Main.storyboard in Resources */ = {isa = PBXBuildFile; fileRef = D35AFBBF1C16C69F0014A7FE /* Main.storyboard */; };
		D35AFBC41C16C69F0014A7FE /* BucketListCD.xcdatamodeld in Sources */ = {isa = PBXBuildFile; fileRef = D35AFBC21C16C69F0014A7FE /* BucketListCD.xcdatamodeld */; };
		D35AFBC61C16C69F0014A7FE /* Assets.xcassets in Resources */ = {isa = PBXBuildFile; fileRef = D35AFBC51C16C69F0014A7FE /* Assets.xcassets */; };
		D35AFBC91C16C69F0014A7FE /* LaunchScreen.storyboard in Resources */ = {isa = PBXBuildFile; fileRef = D35AFBC71C16C69F0014A7FE /* LaunchScreen.storyboard */; };
		D35AFBD41C16C69F0014A7FE /* BucketListCDTests.swift in Sources */ = {isa = PBXBuildFile; fileRef = D35AFBD31C16C69F0014A7FE /* BucketListCDTests.swift */; };
		D35AFBDF1C16C69F0014A7FE /* BucketListCDUITests.swift in Sources */ = {isa = PBXBuildFile; fileRef = D35AFBDE1C16C69F0014A7FE /* BucketListCDUITests.swift */; };
		D35AFBF01C17FD4D0014A7FE /* HomeTableViewController.swift in Sources */ = {isa = PBXBuildFile; fileRef = D35AFBEF1C17FD4D0014A7FE /* HomeTableViewController.swift */; };
		D35AFBF21C17FDC20014A7FE /* MyData.swift in Sources */ = {isa = PBXBuildFile; fileRef = D35AFBF11C17FDC20014A7FE /* MyData.swift */; };
		D35AFC121C1890820014A7FE /* AddTaskViewController.swift in Sources */ = {isa = PBXBuildFile; fileRef = D35AFC111C1890820014A7FE /* AddTaskViewController.swift */; };
		D35AFC1C1C1924180014A7FE /* BucketList.swift in Sources */ = {isa = PBXBuildFile; fileRef = D35AFC1B1C1924180014A7FE /* BucketList.swift */; };
		D35AFC231C1928B60014A7FE /* TaskEntity+CoreDataProperties.swift in Sources */ = {isa = PBXBuildFile; fileRef = D35AFC211C1928B60014A7FE /* TaskEntity+CoreDataProperties.swift */; };
		D35AFC241C1928B60014A7FE /* TaskEntity.swift in Sources */ = {isa = PBXBuildFile; fileRef = D35AFC221C1928B60014A7FE /* TaskEntity.swift */; };
		D35AFC261C1933EA0014A7FE /* TaskTableViewController.swift in Sources */ = {isa = PBXBuildFile; fileRef = D35AFC251C1933EA0014A7FE /* TaskTableViewController.swift */; };
		D35AFC281C1934B20014A7FE /* HomeTableViewCell.swift in Sources */ = {isa = PBXBuildFile; fileRef = D35AFC271C1934B20014A7FE /* HomeTableViewCell.swift */; };
		D35AFC2A1C1964440014A7FE /* MapKit.framework in Frameworks */ = {isa = PBXBuildFile; fileRef = D35AFC291C1964440014A7FE /* MapKit.framework */; };
		D35AFC2C1C1A77470014A7FE /* LocationSearchViewController.swift in Sources */ = {isa = PBXBuildFile; fileRef = D35AFC2B1C1A77470014A7FE /* LocationSearchViewController.swift */; };
		D35AFC2E1C1E185C0014A7FE /* PhotoGalleryCollectionViewCell.swift in Sources */ = {isa = PBXBuildFile; fileRef = D35AFC2D1C1E185C0014A7FE /* PhotoGalleryCollectionViewCell.swift */; };
		D35AFC301C1E18B90014A7FE /* PhotoGalleryCollectionViewController.swift in Sources */ = {isa = PBXBuildFile; fileRef = D35AFC2F1C1E18B90014A7FE /* PhotoGalleryCollectionViewController.swift */; };
		D35AFC341C1F2DCA0014A7FE /* FullPictureViewController.swift in Sources */ = {isa = PBXBuildFile; fileRef = D35AFC331C1F2DCA0014A7FE /* FullPictureViewController.swift */; };
/* End PBXBuildFile section */

/* Begin PBXContainerItemProxy section */
		D35AFBD01C16C69F0014A7FE /* PBXContainerItemProxy */ = {
			isa = PBXContainerItemProxy;
			containerPortal = D35AFBB01C16C69E0014A7FE /* Project object */;
			proxyType = 1;
			remoteGlobalIDString = D35AFBB71C16C69F0014A7FE;
			remoteInfo = BucketListCD;
		};
		D35AFBDB1C16C69F0014A7FE /* PBXContainerItemProxy */ = {
			isa = PBXContainerItemProxy;
			containerPortal = D35AFBB01C16C69E0014A7FE /* Project object */;
			proxyType = 1;
			remoteGlobalIDString = D35AFBB71C16C69F0014A7FE;
			remoteInfo = BucketListCD;
		};
/* End PBXContainerItemProxy section */

/* Begin PBXFileReference section */
		3CE688101C2915400088E31D /* DataHandler.swift */ = {isa = PBXFileReference; fileEncoding = 4; lastKnownFileType = sourcecode.swift; path = DataHandler.swift; sourceTree = SOURCE_ROOT; };
		D35AFBB81C16C69F0014A7FE /* BucketListCD.app */ = {isa = PBXFileReference; explicitFileType = wrapper.application; includeInIndex = 0; path = BucketListCD.app; sourceTree = BUILT_PRODUCTS_DIR; };
		D35AFBBB1C16C69F0014A7FE /* AppDelegate.swift */ = {isa = PBXFileReference; lastKnownFileType = sourcecode.swift; path = AppDelegate.swift; sourceTree = "<group>"; };
		D35AFBC01C16C69F0014A7FE /* Base */ = {isa = PBXFileReference; lastKnownFileType = file.storyboard; name = Base; path = Base.lproj/Main.storyboard; sourceTree = "<group>"; };
		D35AFBC31C16C69F0014A7FE /* BucketListCD.xcdatamodel */ = {isa = PBXFileReference; explicitFileType = wrapper.xcdatamodel; path = BucketListCD.xcdatamodel; sourceTree = "<group>"; };
		D35AFBC51C16C69F0014A7FE /* Assets.xcassets */ = {isa = PBXFileReference; lastKnownFileType = folder.assetcatalog; path = Assets.xcassets; sourceTree = "<group>"; };
		D35AFBC81C16C69F0014A7FE /* Base */ = {isa = PBXFileReference; lastKnownFileType = file.storyboard; name = Base; path = Base.lproj/LaunchScreen.storyboard; sourceTree = "<group>"; };
		D35AFBCA1C16C69F0014A7FE /* Info.plist */ = {isa = PBXFileReference; lastKnownFileType = text.plist.xml; path = Info.plist; sourceTree = "<group>"; };
		D35AFBCF1C16C69F0014A7FE /* BucketListCDTests.xctest */ = {isa = PBXFileReference; explicitFileType = wrapper.cfbundle; includeInIndex = 0; path = BucketListCDTests.xctest; sourceTree = BUILT_PRODUCTS_DIR; };
		D35AFBD31C16C69F0014A7FE /* BucketListCDTests.swift */ = {isa = PBXFileReference; lastKnownFileType = sourcecode.swift; path = BucketListCDTests.swift; sourceTree = "<group>"; };
		D35AFBD51C16C69F0014A7FE /* Info.plist */ = {isa = PBXFileReference; lastKnownFileType = text.plist.xml; path = Info.plist; sourceTree = "<group>"; };
		D35AFBDA1C16C69F0014A7FE /* BucketListCDUITests.xctest */ = {isa = PBXFileReference; explicitFileType = wrapper.cfbundle; includeInIndex = 0; path = BucketListCDUITests.xctest; sourceTree = BUILT_PRODUCTS_DIR; };
		D35AFBDE1C16C69F0014A7FE /* BucketListCDUITests.swift */ = {isa = PBXFileReference; lastKnownFileType = sourcecode.swift; path = BucketListCDUITests.swift; sourceTree = "<group>"; };
		D35AFBE01C16C69F0014A7FE /* Info.plist */ = {isa = PBXFileReference; lastKnownFileType = text.plist.xml; path = Info.plist; sourceTree = "<group>"; };
		D35AFBEF1C17FD4D0014A7FE /* HomeTableViewController.swift */ = {isa = PBXFileReference; fileEncoding = 4; lastKnownFileType = sourcecode.swift; path = HomeTableViewController.swift; sourceTree = "<group>"; };
		D35AFBF11C17FDC20014A7FE /* MyData.swift */ = {isa = PBXFileReference; fileEncoding = 4; lastKnownFileType = sourcecode.swift; path = MyData.swift; sourceTree = "<group>"; };
		D35AFC111C1890820014A7FE /* AddTaskViewController.swift */ = {isa = PBXFileReference; fileEncoding = 4; lastKnownFileType = sourcecode.swift; path = AddTaskViewController.swift; sourceTree = "<group>"; };
		D35AFC1B1C1924180014A7FE /* BucketList.swift */ = {isa = PBXFileReference; fileEncoding = 4; lastKnownFileType = sourcecode.swift; name = BucketList.swift; path = ../BucketList.swift; sourceTree = "<group>"; };
		D35AFC211C1928B60014A7FE /* TaskEntity+CoreDataProperties.swift */ = {isa = PBXFileReference; fileEncoding = 4; lastKnownFileType = sourcecode.swift; name = "TaskEntity+CoreDataProperties.swift"; path = "../TaskEntity+CoreDataProperties.swift"; sourceTree = "<group>"; };
		D35AFC221C1928B60014A7FE /* TaskEntity.swift */ = {isa = PBXFileReference; fileEncoding = 4; lastKnownFileType = sourcecode.swift; name = TaskEntity.swift; path = ../TaskEntity.swift; sourceTree = "<group>"; };
		D35AFC251C1933EA0014A7FE /* TaskTableViewController.swift */ = {isa = PBXFileReference; fileEncoding = 4; lastKnownFileType = sourcecode.swift; path = TaskTableViewController.swift; sourceTree = "<group>"; };
		D35AFC271C1934B20014A7FE /* HomeTableViewCell.swift */ = {isa = PBXFileReference; fileEncoding = 4; lastKnownFileType = sourcecode.swift; path = HomeTableViewCell.swift; sourceTree = "<group>"; };
		D35AFC291C1964440014A7FE /* MapKit.framework */ = {isa = PBXFileReference; lastKnownFileType = wrapper.framework; name = MapKit.framework; path = System/Library/Frameworks/MapKit.framework; sourceTree = SDKROOT; };
		D35AFC2B1C1A77470014A7FE /* LocationSearchViewController.swift */ = {isa = PBXFileReference; fileEncoding = 4; lastKnownFileType = sourcecode.swift; path = LocationSearchViewController.swift; sourceTree = "<group>"; };
		D35AFC2D1C1E185C0014A7FE /* PhotoGalleryCollectionViewCell.swift */ = {isa = PBXFileReference; fileEncoding = 4; lastKnownFileType = sourcecode.swift; path = PhotoGalleryCollectionViewCell.swift; sourceTree = "<group>"; };
		D35AFC2F1C1E18B90014A7FE /* PhotoGalleryCollectionViewController.swift */ = {isa = PBXFileReference; fileEncoding = 4; lastKnownFileType = sourcecode.swift; path = PhotoGalleryCollectionViewController.swift; sourceTree = "<group>"; };
		D35AFC331C1F2DCA0014A7FE /* FullPictureViewController.swift */ = {isa = PBXFileReference; fileEncoding = 4; lastKnownFileType = sourcecode.swift; path = FullPictureViewController.swift; sourceTree = "<group>"; };
/* End PBXFileReference section */

/* Begin PBXFrameworksBuildPhase section */
		D35AFBB51C16C69F0014A7FE /* Frameworks */ = {
			isa = PBXFrameworksBuildPhase;
			buildActionMask = 2147483647;
			files = (
				D35AFC2A1C1964440014A7FE /* MapKit.framework in Frameworks */,
			);
			runOnlyForDeploymentPostprocessing = 0;
		};
		D35AFBCC1C16C69F0014A7FE /* Frameworks */ = {
			isa = PBXFrameworksBuildPhase;
			buildActionMask = 2147483647;
			files = (
			);
			runOnlyForDeploymentPostprocessing = 0;
		};
		D35AFBD71C16C69F0014A7FE /* Frameworks */ = {
			isa = PBXFrameworksBuildPhase;
			buildActionMask = 2147483647;
			files = (
			);
			runOnlyForDeploymentPostprocessing = 0;
		};
/* End PBXFrameworksBuildPhase section */

/* Begin PBXGroup section */
		D35AFBAF1C16C69E0014A7FE = {
			isa = PBXGroup;
			children = (
				D35AFC291C1964440014A7FE /* MapKit.framework */,
				D35AFBBA1C16C69F0014A7FE /* BucketListCD */,
				D35AFBD21C16C69F0014A7FE /* BucketListCDTests */,
				D35AFBDD1C16C69F0014A7FE /* BucketListCDUITests */,
				D35AFBB91C16C69F0014A7FE /* Products */,
			);
			sourceTree = "<group>";
		};
		D35AFBB91C16C69F0014A7FE /* Products */ = {
			isa = PBXGroup;
			children = (
				D35AFBB81C16C69F0014A7FE /* BucketListCD.app */,
				D35AFBCF1C16C69F0014A7FE /* BucketListCDTests.xctest */,
				D35AFBDA1C16C69F0014A7FE /* BucketListCDUITests.xctest */,
			);
			name = Products;
			sourceTree = "<group>";
		};
		D35AFBBA1C16C69F0014A7FE /* BucketListCD */ = {
			isa = PBXGroup;
			children = (
				D35AFBEC1C16C6B10014A7FE /* Data  */,
				D35AFBBB1C16C69F0014A7FE /* AppDelegate.swift */,
				D35AFC271C1934B20014A7FE /* HomeTableViewCell.swift */,
				D35AFBEF1C17FD4D0014A7FE /* HomeTableViewController.swift */,
				D35AFC111C1890820014A7FE /* AddTaskViewController.swift */,
				D35AFC251C1933EA0014A7FE /* TaskTableViewController.swift */,
				D35AFC2B1C1A77470014A7FE /* LocationSearchViewController.swift */,
				D35AFC2D1C1E185C0014A7FE /* PhotoGalleryCollectionViewCell.swift */,
				D35AFC2F1C1E18B90014A7FE /* PhotoGalleryCollectionViewController.swift */,
				D35AFC331C1F2DCA0014A7FE /* FullPictureViewController.swift */,
				D35AFBBF1C16C69F0014A7FE /* Main.storyboard */,
				D35AFBC51C16C69F0014A7FE /* Assets.xcassets */,
				D35AFBC71C16C69F0014A7FE /* LaunchScreen.storyboard */,
				D35AFBCA1C16C69F0014A7FE /* Info.plist */,
			);
			path = BucketListCD;
			sourceTree = "<group>";
		};
		D35AFBD21C16C69F0014A7FE /* BucketListCDTests */ = {
			isa = PBXGroup;
			children = (
				D35AFBD31C16C69F0014A7FE /* BucketListCDTests.swift */,
				D35AFBD51C16C69F0014A7FE /* Info.plist */,
			);
			path = BucketListCDTests;
			sourceTree = "<group>";
		};
		D35AFBDD1C16C69F0014A7FE /* BucketListCDUITests */ = {
			isa = PBXGroup;
			children = (
				D35AFBDE1C16C69F0014A7FE /* BucketListCDUITests.swift */,
				D35AFBE01C16C69F0014A7FE /* Info.plist */,
			);
			path = BucketListCDUITests;
			sourceTree = "<group>";
		};
		D35AFBEC1C16C6B10014A7FE /* Data  */ = {
			isa = PBXGroup;
			children = (
				D35AFBC21C16C69F0014A7FE /* BucketListCD.xcdatamodeld */,
				D35AFC211C1928B60014A7FE /* TaskEntity+CoreDataProperties.swift */,
				D35AFC221C1928B60014A7FE /* TaskEntity.swift */,
				3CE688101C2915400088E31D /* DataHandler.swift */,
				D35AFBF11C17FDC20014A7FE /* MyData.swift */,
				D35AFC1B1C1924180014A7FE /* BucketList.swift */,
			);
			name = "Data ";
			sourceTree = "<group>";
		};
/* End PBXGroup section */

/* Begin PBXNativeTarget section */
		D35AFBB71C16C69F0014A7FE /* BucketListCD */ = {
			isa = PBXNativeTarget;
			buildConfigurationList = D35AFBE31C16C69F0014A7FE /* Build configuration list for PBXNativeTarget "BucketListCD" */;
			buildPhases = (
				D35AFBB41C16C69F0014A7FE /* Sources */,
				D35AFBB51C16C69F0014A7FE /* Frameworks */,
				D35AFBB61C16C69F0014A7FE /* Resources */,
			);
			buildRules = (
			);
			dependencies = (
			);
			name = BucketListCD;
			productName = BucketListCD;
			productReference = D35AFBB81C16C69F0014A7FE /* BucketListCD.app */;
			productType = "com.apple.product-type.application";
		};
		D35AFBCE1C16C69F0014A7FE /* BucketListCDTests */ = {
			isa = PBXNativeTarget;
			buildConfigurationList = D35AFBE61C16C69F0014A7FE /* Build configuration list for PBXNativeTarget "BucketListCDTests" */;
			buildPhases = (
				D35AFBCB1C16C69F0014A7FE /* Sources */,
				D35AFBCC1C16C69F0014A7FE /* Frameworks */,
				D35AFBCD1C16C69F0014A7FE /* Resources */,
			);
			buildRules = (
			);
			dependencies = (
				D35AFBD11C16C69F0014A7FE /* PBXTargetDependency */,
			);
			name = BucketListCDTests;
			productName = BucketListCDTests;
			productReference = D35AFBCF1C16C69F0014A7FE /* BucketListCDTests.xctest */;
			productType = "com.apple.product-type.bundle.unit-test";
		};
		D35AFBD91C16C69F0014A7FE /* BucketListCDUITests */ = {
			isa = PBXNativeTarget;
			buildConfigurationList = D35AFBE91C16C69F0014A7FE /* Build configuration list for PBXNativeTarget "BucketListCDUITests" */;
			buildPhases = (
				D35AFBD61C16C69F0014A7FE /* Sources */,
				D35AFBD71C16C69F0014A7FE /* Frameworks */,
				D35AFBD81C16C69F0014A7FE /* Resources */,
			);
			buildRules = (
			);
			dependencies = (
				D35AFBDC1C16C69F0014A7FE /* PBXTargetDependency */,
			);
			name = BucketListCDUITests;
			productName = BucketListCDUITests;
			productReference = D35AFBDA1C16C69F0014A7FE /* BucketListCDUITests.xctest */;
			productType = "com.apple.product-type.bundle.ui-testing";
		};
/* End PBXNativeTarget section */

/* Begin PBXProject section */
		D35AFBB01C16C69E0014A7FE /* Project object */ = {
			isa = PBXProject;
			attributes = {
				LastSwiftUpdateCheck = 0710;
				LastUpgradeCheck = 0710;
				ORGANIZATIONNAME = "Nima Sepehr";
				TargetAttributes = {
					D35AFBB71C16C69F0014A7FE = {
						CreatedOnToolsVersion = 7.1.1;
						DevelopmentTeam = G87T54MP99;
						SystemCapabilities = {
							com.apple.Maps.iOS = {
								enabled = 1;
							};
						};
					};
					D35AFBCE1C16C69F0014A7FE = {
						CreatedOnToolsVersion = 7.1.1;
						TestTargetID = D35AFBB71C16C69F0014A7FE;
					};
					D35AFBD91C16C69F0014A7FE = {
						CreatedOnToolsVersion = 7.1.1;
						TestTargetID = D35AFBB71C16C69F0014A7FE;
					};
				};
			};
			buildConfigurationList = D35AFBB31C16C69E0014A7FE /* Build configuration list for PBXProject "BucketListCD" */;
			compatibilityVersion = "Xcode 3.2";
			developmentRegion = English;
			hasScannedForEncodings = 0;
			knownRegions = (
				en,
				Base,
			);
			mainGroup = D35AFBAF1C16C69E0014A7FE;
			productRefGroup = D35AFBB91C16C69F0014A7FE /* Products */;
			projectDirPath = "";
			projectRoot = "";
			targets = (
				D35AFBB71C16C69F0014A7FE /* BucketListCD */,
				D35AFBCE1C16C69F0014A7FE /* BucketListCDTests */,
				D35AFBD91C16C69F0014A7FE /* BucketListCDUITests */,
			);
		};
/* End PBXProject section */

/* Begin PBXResourcesBuildPhase section */
		D35AFBB61C16C69F0014A7FE /* Resources */ = {
			isa = PBXResourcesBuildPhase;
			buildActionMask = 2147483647;
			files = (
				D35AFBC91C16C69F0014A7FE /* LaunchScreen.storyboard in Resources */,
				D35AFBC61C16C69F0014A7FE /* Assets.xcassets in Resources */,
				D35AFBC11C16C69F0014A7FE /* Main.storyboard in Resources */,
			);
			runOnlyForDeploymentPostprocessing = 0;
		};
		D35AFBCD1C16C69F0014A7FE /* Resources */ = {
			isa = PBXResourcesBuildPhase;
			buildActionMask = 2147483647;
			files = (
			);
			runOnlyForDeploymentPostprocessing = 0;
		};
		D35AFBD81C16C69F0014A7FE /* Resources */ = {
			isa = PBXResourcesBuildPhase;
			buildActionMask = 2147483647;
			files = (
			);
			runOnlyForDeploymentPostprocessing = 0;
		};
/* End PBXResourcesBuildPhase section */

/* Begin PBXSourcesBuildPhase section */
		D35AFBB41C16C69F0014A7FE /* Sources */ = {
			isa = PBXSourcesBuildPhase;
			buildActionMask = 2147483647;
			files = (
				D35AFC261C1933EA0014A7FE /* TaskTableViewController.swift in Sources */,
				D35AFBF01C17FD4D0014A7FE /* HomeTableViewController.swift in Sources */,
				D35AFC231C1928B60014A7FE /* TaskEntity+CoreDataProperties.swift in Sources */,
				D35AFC1C1C1924180014A7FE /* BucketList.swift in Sources */,
				3CE688111C2915400088E31D /* DataHandler.swift in Sources */,
				D35AFC341C1F2DCA0014A7FE /* FullPictureViewController.swift in Sources */,
				D35AFC281C1934B20014A7FE /* HomeTableViewCell.swift in Sources */,
				D35AFBC41C16C69F0014A7FE /* BucketListCD.xcdatamodeld in Sources */,
				D35AFC2E1C1E185C0014A7FE /* PhotoGalleryCollectionViewCell.swift in Sources */,
				D35AFC2C1C1A77470014A7FE /* LocationSearchViewController.swift in Sources */,
				D35AFBF21C17FDC20014A7FE /* MyData.swift in Sources */,
				D35AFC241C1928B60014A7FE /* TaskEntity.swift in Sources */,
				D35AFBBC1C16C69F0014A7FE /* AppDelegate.swift in Sources */,
				D35AFC301C1E18B90014A7FE /* PhotoGalleryCollectionViewController.swift in Sources */,
				D35AFC121C1890820014A7FE /* AddTaskViewController.swift in Sources */,
			);
			runOnlyForDeploymentPostprocessing = 0;
		};
		D35AFBCB1C16C69F0014A7FE /* Sources */ = {
			isa = PBXSourcesBuildPhase;
			buildActionMask = 2147483647;
			files = (
				D35AFBD41C16C69F0014A7FE /* BucketListCDTests.swift in Sources */,
			);
			runOnlyForDeploymentPostprocessing = 0;
		};
		D35AFBD61C16C69F0014A7FE /* Sources */ = {
			isa = PBXSourcesBuildPhase;
			buildActionMask = 2147483647;
			files = (
				D35AFBDF1C16C69F0014A7FE /* BucketListCDUITests.swift in Sources */,
			);
			runOnlyForDeploymentPostprocessing = 0;
		};
/* End PBXSourcesBuildPhase section */

/* Begin PBXTargetDependency section */
		D35AFBD11C16C69F0014A7FE /* PBXTargetDependency */ = {
			isa = PBXTargetDependency;
			target = D35AFBB71C16C69F0014A7FE /* BucketListCD */;
			targetProxy = D35AFBD01C16C69F0014A7FE /* PBXContainerItemProxy */;
		};
		D35AFBDC1C16C69F0014A7FE /* PBXTargetDependency */ = {
			isa = PBXTargetDependency;
			target = D35AFBB71C16C69F0014A7FE /* BucketListCD */;
			targetProxy = D35AFBDB1C16C69F0014A7FE /* PBXContainerItemProxy */;
		};
/* End PBXTargetDependency section */

/* Begin PBXVariantGroup section */
		D35AFBBF1C16C69F0014A7FE /* Main.storyboard */ = {
			isa = PBXVariantGroup;
			children = (
				D35AFBC01C16C69F0014A7FE /* Base */,
			);
			name = Main.storyboard;
			sourceTree = "<group>";
		};
		D35AFBC71C16C69F0014A7FE /* LaunchScreen.storyboard */ = {
			isa = PBXVariantGroup;
			children = (
				D35AFBC81C16C69F0014A7FE /* Base */,
			);
			name = LaunchScreen.storyboard;
			sourceTree = "<group>";
		};
/* End PBXVariantGroup section */

/* Begin XCBuildConfiguration section */
		D35AFBE11C16C69F0014A7FE /* Debug */ = {
			isa = XCBuildConfiguration;
			buildSettings = {
				ALWAYS_SEARCH_USER_PATHS = NO;
				CLANG_CXX_LANGUAGE_STANDARD = "gnu++0x";
				CLANG_CXX_LIBRARY = "libc++";
				CLANG_ENABLE_MODULES = YES;
				CLANG_ENABLE_OBJC_ARC = YES;
				CLANG_WARN_BOOL_CONVERSION = YES;
				CLANG_WARN_CONSTANT_CONVERSION = YES;
				CLANG_WARN_DIRECT_OBJC_ISA_USAGE = YES_ERROR;
				CLANG_WARN_EMPTY_BODY = YES;
				CLANG_WARN_ENUM_CONVERSION = YES;
				CLANG_WARN_INT_CONVERSION = YES;
				CLANG_WARN_OBJC_ROOT_CLASS = YES_ERROR;
				CLANG_WARN_UNREACHABLE_CODE = YES;
				CLANG_WARN__DUPLICATE_METHOD_MATCH = YES;
				"CODE_SIGN_IDENTITY[sdk=iphoneos*]" = "iPhone Developer";
				COPY_PHASE_STRIP = NO;
				DEBUG_INFORMATION_FORMAT = dwarf;
				ENABLE_STRICT_OBJC_MSGSEND = YES;
				ENABLE_TESTABILITY = YES;
				GCC_C_LANGUAGE_STANDARD = gnu99;
				GCC_DYNAMIC_NO_PIC = NO;
				GCC_NO_COMMON_BLOCKS = YES;
				GCC_OPTIMIZATION_LEVEL = 0;
				GCC_PREPROCESSOR_DEFINITIONS = (
					"DEBUG=1",
					"$(inherited)",
				);
				GCC_WARN_64_TO_32_BIT_CONVERSION = YES;
				GCC_WARN_ABOUT_RETURN_TYPE = YES_ERROR;
				GCC_WARN_UNDECLARED_SELECTOR = YES;
				GCC_WARN_UNINITIALIZED_AUTOS = YES_AGGRESSIVE;
				GCC_WARN_UNUSED_FUNCTION = YES;
				GCC_WARN_UNUSED_VARIABLE = YES;
				IPHONEOS_DEPLOYMENT_TARGET = 9.1;
				MTL_ENABLE_DEBUG_INFO = YES;
				ONLY_ACTIVE_ARCH = YES;
				SDKROOT = iphoneos;
				SWIFT_OPTIMIZATION_LEVEL = "-Onone";
				TARGETED_DEVICE_FAMILY = "1,2";
			};
			name = Debug;
		};
		D35AFBE21C16C69F0014A7FE /* Release */ = {
			isa = XCBuildConfiguration;
			buildSettings = {
				ALWAYS_SEARCH_USER_PATHS = NO;
				CLANG_CXX_LANGUAGE_STANDARD = "gnu++0x";
				CLANG_CXX_LIBRARY = "libc++";
				CLANG_ENABLE_MODULES = YES;
				CLANG_ENABLE_OBJC_ARC = YES;
				CLANG_WARN_BOOL_CONVERSION = YES;
				CLANG_WARN_CONSTANT_CONVERSION = YES;
				CLANG_WARN_DIRECT_OBJC_ISA_USAGE = YES_ERROR;
				CLANG_WARN_EMPTY_BODY = YES;
				CLANG_WARN_ENUM_CONVERSION = YES;
				CLANG_WARN_INT_CONVERSION = YES;
				CLANG_WARN_OBJC_ROOT_CLASS = YES_ERROR;
				CLANG_WARN_UNREACHABLE_CODE = YES;
				CLANG_WARN__DUPLICATE_METHOD_MATCH = YES;
				"CODE_SIGN_IDENTITY[sdk=iphoneos*]" = "iPhone Developer";
				COPY_PHASE_STRIP = NO;
				DEBUG_INFORMATION_FORMAT = "dwarf-with-dsym";
				ENABLE_NS_ASSERTIONS = NO;
				ENABLE_STRICT_OBJC_MSGSEND = YES;
				GCC_C_LANGUAGE_STANDARD = gnu99;
				GCC_NO_COMMON_BLOCKS = YES;
				GCC_WARN_64_TO_32_BIT_CONVERSION = YES;
				GCC_WARN_ABOUT_RETURN_TYPE = YES_ERROR;
				GCC_WARN_UNDECLARED_SELECTOR = YES;
				GCC_WARN_UNINITIALIZED_AUTOS = YES_AGGRESSIVE;
				GCC_WARN_UNUSED_FUNCTION = YES;
				GCC_WARN_UNUSED_VARIABLE = YES;
				IPHONEOS_DEPLOYMENT_TARGET = 9.1;
				MTL_ENABLE_DEBUG_INFO = NO;
				SDKROOT = iphoneos;
				TARGETED_DEVICE_FAMILY = "1,2";
				VALIDATE_PRODUCT = YES;
			};
			name = Release;
		};
		D35AFBE41C16C69F0014A7FE /* Debug */ = {
			isa = XCBuildConfiguration;
			buildSettings = {
				ASSETCATALOG_COMPILER_APPICON_NAME = AppIcon;
				ASSETCATALOG_COMPILER_LAUNCHIMAGE_NAME = LaunchImage;
				CODE_SIGN_IDENTITY = "iPhone Developer";
				"CODE_SIGN_IDENTITY[sdk=iphoneos*]" = "iPhone Developer";
				INFOPLIST_FILE = BucketListCD/Info.plist;
				LD_RUNPATH_SEARCH_PATHS = "$(inherited) @executable_path/Frameworks";
				PRODUCT_BUNDLE_IDENTIFIER = com.nimasepehr.BucketListCD;
				PRODUCT_NAME = "$(TARGET_NAME)";
				PROVISIONING_PROFILE = "";
			};
			name = Debug;
		};
		D35AFBE51C16C69F0014A7FE /* Release */ = {
			isa = XCBuildConfiguration;
			buildSettings = {
				ASSETCATALOG_COMPILER_APPICON_NAME = AppIcon;
				ASSETCATALOG_COMPILER_LAUNCHIMAGE_NAME = LaunchImage;
				CODE_SIGN_IDENTITY = "iPhone Developer";
				"CODE_SIGN_IDENTITY[sdk=iphoneos*]" = "iPhone Developer";
				INFOPLIST_FILE = BucketListCD/Info.plist;
				LD_RUNPATH_SEARCH_PATHS = "$(inherited) @executable_path/Frameworks";
				PRODUCT_BUNDLE_IDENTIFIER = com.nimasepehr.BucketListCD;
				PRODUCT_NAME = "$(TARGET_NAME)";
				PROVISIONING_PROFILE = "";
			};
			name = Release;
		};
		D35AFBE71C16C69F0014A7FE /* Debug */ = {
			isa = XCBuildConfiguration;
			buildSettings = {
				BUNDLE_LOADER = "$(TEST_HOST)";
				INFOPLIST_FILE = BucketListCDTests/Info.plist;
				LD_RUNPATH_SEARCH_PATHS = "$(inherited) @executable_path/Frameworks @loader_path/Frameworks";
				PRODUCT_BUNDLE_IDENTIFIER = com.nimasepehr.BucketListCDTests;
				PRODUCT_NAME = "$(TARGET_NAME)";
				TEST_HOST = "$(BUILT_PRODUCTS_DIR)/BucketListCD.app/BucketListCD";
			};
			name = Debug;
		};
		D35AFBE81C16C69F0014A7FE /* Release */ = {
			isa = XCBuildConfiguration;
			buildSettings = {
				BUNDLE_LOADER = "$(TEST_HOST)";
				INFOPLIST_FILE = BucketListCDTests/Info.plist;
				LD_RUNPATH_SEARCH_PATHS = "$(inherited) @executable_path/Frameworks @loader_path/Frameworks";
				PRODUCT_BUNDLE_IDENTIFIER = com.nimasepehr.BucketListCDTests;
				PRODUCT_NAME = "$(TARGET_NAME)";
				TEST_HOST = "$(BUILT_PRODUCTS_DIR)/BucketListCD.app/BucketListCD";
			};
			name = Release;
		};
		D35AFBEA1C16C69F0014A7FE /* Debug */ = {
			isa = XCBuildConfiguration;
			buildSettings = {
				INFOPLIST_FILE = BucketListCDUITests/Info.plist;
				LD_RUNPATH_SEARCH_PATHS = "$(inherited) @executable_path/Frameworks @loader_path/Frameworks";
				PRODUCT_BUNDLE_IDENTIFIER = com.nimasepehr.BucketListCDUITests;
				PRODUCT_NAME = "$(TARGET_NAME)";
				TEST_TARGET_NAME = BucketListCD;
				USES_XCTRUNNER = YES;
			};
			name = Debug;
		};
		D35AFBEB1C16C69F0014A7FE /* Release */ = {
			isa = XCBuildConfiguration;
			buildSettings = {
				INFOPLIST_FILE = BucketListCDUITests/Info.plist;
				LD_RUNPATH_SEARCH_PATHS = "$(inherited) @executable_path/Frameworks @loader_path/Frameworks";
				PRODUCT_BUNDLE_IDENTIFIER = com.nimasepehr.BucketListCDUITests;
				PRODUCT_NAME = "$(TARGET_NAME)";
				TEST_TARGET_NAME = BucketListCD;
				USES_XCTRUNNER = YES;
			};
			name = Release;
		};
/* End XCBuildConfiguration section */

/* Begin XCConfigurationList section */
		D35AFBB31C16C69E0014A7FE /* Build configuration list for PBXProject "BucketListCD" */ = {
			isa = XCConfigurationList;
			buildConfigurations = (
				D35AFBE11C16C69F0014A7FE /* Debug */,
				D35AFBE21C16C69F0014A7FE /* Release */,
			);
			defaultConfigurationIsVisible = 0;
			defaultConfigurationName = Release;
		};
		D35AFBE31C16C69F0014A7FE /* Build configuration list for PBXNativeTarget "BucketListCD" */ = {
			isa = XCConfigurationList;
			buildConfigurations = (
				D35AFBE41C16C69F0014A7FE /* Debug */,
				D35AFBE51C16C69F0014A7FE /* Release */,
			);
			defaultConfigurationIsVisible = 0;
			defaultConfigurationName = Release;
		};
		D35AFBE61C16C69F0014A7FE /* Build configuration list for PBXNativeTarget "BucketListCDTests" */ = {
			isa = XCConfigurationList;
			buildConfigurations = (
				D35AFBE71C16C69F0014A7FE /* Debug */,
				D35AFBE81C16C69F0014A7FE /* Release */,
			);
			defaultConfigurationIsVisible = 0;
			defaultConfigurationName = Release;
		};
		D35AFBE91C16C69F0014A7FE /* Build configuration list for PBXNativeTarget "BucketListCDUITests" */ = {
			isa = XCConfigurationList;
			buildConfigurations = (
				D35AFBEA1C16C69F0014A7FE /* Debug */,
				D35AFBEB1C16C69F0014A7FE /* Release */,
			);
			defaultConfigurationIsVisible = 0;
			defaultConfigurationName = Release;
		};
/* End XCConfigurationList section */

/* Begin XCVersionGroup section */
		D35AFBC21C16C69F0014A7FE /* BucketListCD.xcdatamodeld */ = {
			isa = XCVersionGroup;
			children = (
				D35AFBC31C16C69F0014A7FE /* BucketListCD.xcdatamodel */,
			);
			currentVersion = D35AFBC31C16C69F0014A7FE /* BucketListCD.xcdatamodel */;
			path = BucketListCD.xcdatamodeld;
			sourceTree = "<group>";
			versionGroupType = wrapper.xcdatamodel;
		};
/* End XCVersionGroup section */
	};
	rootObject = D35AFBB01C16C69E0014A7FE /* Project object */;
}
